
Microsoft Visual Studio Solution File, Format Version 12.00
# Visual Studio 15
VisualStudioVersion = 15.0.27004.2008
MinimumVisualStudioVersion = 10.0.40219.1
Project("{FAE04EC0-301F-11D3-BF4B-00C04F79EFBC}") = "SuperSimple.Spreadsheets", "SuperSimple.Spreadsheets\SuperSimple.Spreadsheets.csproj", "{4E968583-27AC-488D-9846-7AB6F2125B55}"
EndProject
Project("{2150E333-8FDC-42A3-9474-1A3956D46DE8}") = "GitNotes", "GitNotes", "{696A7BEB-8AA3-44BC-8DAC-13AB98A44536}"
	ProjectSection(SolutionItems) = preProject
		..\README.md = ..\README.md
	EndProjectSection
EndProject
Project("{FAE04EC0-301F-11D3-BF4B-00C04F79EFBC}") = "SuperSimple.Spreadsheets.Test.Acceptance", "SuperSimple.Spreadsheets.Test.Acceptance\SuperSimple.Spreadsheets.Test.Acceptance.csproj", "{E3743E46-9FB4-4DE2-9205-AAF3069B0748}"
EndProject
Project("{FAE04EC0-301F-11D3-BF4B-00C04F79EFBC}") = "SuperSimple.Spreadsheets.ConsoleTest", "SuperSimple.Spreadsheets.ConsoleTest\SuperSimple.Spreadsheets.ConsoleTest.csproj", "{0E43317F-E71E-4D0F-87F5-30EF989388BF}"
EndProject
Project("{FAE04EC0-301F-11D3-BF4B-00C04F79EFBC}") = "SuperSimple.Spreadsheets.Core", "SuperSimple.Spreadsheets.Core\SuperSimple.Spreadsheets.Core.csproj", "{F4E95B66-1A85-4478-98F6-8EB2CDE78FE6}"
EndProject
Project("{FAE04EC0-301F-11D3-BF4B-00C04F79EFBC}") = "SuperSimple.Spreadsheets.ConsoleTest.Core", "SuperSimple.Spreadsheets.ConsoleTest.Core\SuperSimple.Spreadsheets.ConsoleTest.Core.csproj", "{1CE6AA14-7829-43CC-A7B1-0B31FF862457}"
EndProject
Global
	GlobalSection(SolutionConfigurationPlatforms) = preSolution
		Debug|Any CPU = Debug|Any CPU
		Release|Any CPU = Release|Any CPU
	EndGlobalSection
	GlobalSection(ProjectConfigurationPlatforms) = postSolution
		{4E968583-27AC-488D-9846-7AB6F2125B55}.Debug|Any CPU.ActiveCfg = Debug|Any CPU
		{4E968583-27AC-488D-9846-7AB6F2125B55}.Debug|Any CPU.Build.0 = Debug|Any CPU
		{4E968583-27AC-488D-9846-7AB6F2125B55}.Release|Any CPU.ActiveCfg = Release|Any CPU
		{4E968583-27AC-488D-9846-7AB6F2125B55}.Release|Any CPU.Build.0 = Release|Any CPU
		{E3743E46-9FB4-4DE2-9205-AAF3069B0748}.Debug|Any CPU.ActiveCfg = Debug|Any CPU
		{E3743E46-9FB4-4DE2-9205-AAF3069B0748}.Debug|Any CPU.Build.0 = Debug|Any CPU
		{E3743E46-9FB4-4DE2-9205-AAF3069B0748}.Release|Any CPU.ActiveCfg = Release|Any CPU
		{E3743E46-9FB4-4DE2-9205-AAF3069B0748}.Release|Any CPU.Build.0 = Release|Any CPU
		{0E43317F-E71E-4D0F-87F5-30EF989388BF}.Debug|Any CPU.ActiveCfg = Debug|Any CPU
		{0E43317F-E71E-4D0F-87F5-30EF989388BF}.Debug|Any CPU.Build.0 = Debug|Any CPU
		{0E43317F-E71E-4D0F-87F5-30EF989388BF}.Release|Any CPU.ActiveCfg = Release|Any CPU
		{0E43317F-E71E-4D0F-87F5-30EF989388BF}.Release|Any CPU.Build.0 = Release|Any CPU
		{F4E95B66-1A85-4478-98F6-8EB2CDE78FE6}.Debug|Any CPU.ActiveCfg = Debug|Any CPU
		{F4E95B66-1A85-4478-98F6-8EB2CDE78FE6}.Debug|Any CPU.Build.0 = Debug|Any CPU
		{F4E95B66-1A85-4478-98F6-8EB2CDE78FE6}.Release|Any CPU.ActiveCfg = Release|Any CPU
		{F4E95B66-1A85-4478-98F6-8EB2CDE78FE6}.Release|Any CPU.Build.0 = Release|Any CPU
		{1CE6AA14-7829-43CC-A7B1-0B31FF862457}.Debug|Any CPU.ActiveCfg = Debug|Any CPU
		{1CE6AA14-7829-43CC-A7B1-0B31FF862457}.Debug|Any CPU.Build.0 = Debug|Any CPU
		{1CE6AA14-7829-43CC-A7B1-0B31FF862457}.Release|Any CPU.ActiveCfg = Release|Any CPU
		{1CE6AA14-7829-43CC-A7B1-0B31FF862457}.Release|Any CPU.Build.0 = Release|Any CPU
	EndGlobalSection
	GlobalSection(SolutionProperties) = preSolution
		HideSolutionNode = FALSE
	EndGlobalSection
	GlobalSection(ExtensibilityGlobals) = postSolution
		SolutionGuid = {8B69FEB3-6A5B-48D2-BDA0-D26F57F549D4}
	EndGlobalSection
EndGlobal
